
Microsoft Visual Studio Solution File, Format Version 12.00
# Visual Studio Version 17
VisualStudioVersion = 17.4.33110.190
MinimumVisualStudioVersion = 10.0.40219.1
Project("{9A19103F-16F7-4668-BE54-9A1E7A4F7556}") = "Figures", "Figures\Figures.csproj", "{FAC5DA32-855F-48B9-A1F4-A226DADB07D0}"
EndProject
Project("{9A19103F-16F7-4668-BE54-9A1E7A4F7556}") = "Office", "Office\Office.csproj", "{D33EA1F9-78A7-4193-8F0A-6E28DFF1CFC7}"
EndProject
Global
	GlobalSection(SolutionConfigurationPlatforms) = preSolution
		Debug|Any CPU = Debug|Any CPU
		Release|Any CPU = Release|Any CPU
	EndGlobalSection
	GlobalSection(ProjectConfigurationPlatforms) = postSolution
		{FAC5DA32-855F-48B9-A1F4-A226DADB07D0}.Debug|Any CPU.ActiveCfg = Debug|Any CPU
		{FAC5DA32-855F-48B9-A1F4-A226DADB07D0}.Debug|Any CPU.Build.0 = Debug|Any CPU
		{FAC5DA32-855F-48B9-A1F4-A226DADB07D0}.Release|Any CPU.ActiveCfg = Release|Any CPU
		{FAC5DA32-855F-48B9-A1F4-A226DADB07D0}.Release|Any CPU.Build.0 = Release|Any CPU
		{D33EA1F9-78A7-4193-8F0A-6E28DFF1CFC7}.Debug|Any CPU.ActiveCfg = Debug|Any CPU
		{D33EA1F9-78A7-4193-8F0A-6E28DFF1CFC7}.Debug|Any CPU.Build.0 = Debug|Any CPU
		{D33EA1F9-78A7-4193-8F0A-6E28DFF1CFC7}.Release|Any CPU.ActiveCfg = Release|Any CPU
		{D33EA1F9-78A7-4193-8F0A-6E28DFF1CFC7}.Release|Any CPU.Build.0 = Release|Any CPU
	EndGlobalSection
	GlobalSection(SolutionProperties) = preSolution
		HideSolutionNode = FALSE
	EndGlobalSection
	GlobalSection(ExtensibilityGlobals) = postSolution
		SolutionGuid = {F23BF718-3E71-4EA1-8C80-5E6CD96D90A6}
	EndGlobalSection
EndGlobal
